
Microsoft Visual Studio Solution File, Format Version 12.00
Project("{FAE04EC0-301F-11D3-BF4B-00C04F79EFBC}") = "KGear.API", "KGear.API\KGear.API.csproj", "{0F47E78C-744C-4F6E-B136-73285D01B7A8}"
EndProject
Project("{2150E333-8FDC-42A3-9474-1A3956D46DE8}") = "Solution Items", "Solution Items", "{A0C19001-3D7F-41C2-84FD-84B95F8ED6FE}"
	ProjectSection(SolutionItems) = preProject
		compose.yaml = compose.yaml
	EndProjectSection
EndProject
Project("{FAE04EC0-301F-11D3-BF4B-00C04F79EFBC}") = "KGear.Tests", "KGear.Tests\KGear.Tests.csproj", "{1555C8B5-345F-451F-9B48-6753EC44BF46}"
EndProject
Global
	GlobalSection(SolutionConfigurationPlatforms) = preSolution
		Debug|Any CPU = Debug|Any CPU
		Release|Any CPU = Release|Any CPU
	EndGlobalSection
	GlobalSection(ProjectConfigurationPlatforms) = postSolution
		{0F47E78C-744C-4F6E-B136-73285D01B7A8}.Debug|Any CPU.ActiveCfg = Debug|Any CPU
		{0F47E78C-744C-4F6E-B136-73285D01B7A8}.Debug|Any CPU.Build.0 = Debug|Any CPU
		{0F47E78C-744C-4F6E-B136-73285D01B7A8}.Release|Any CPU.ActiveCfg = Release|Any CPU
		{0F47E78C-744C-4F6E-B136-73285D01B7A8}.Release|Any CPU.Build.0 = Release|Any CPU
		{1555C8B5-345F-451F-9B48-6753EC44BF46}.Debug|Any CPU.ActiveCfg = Debug|Any CPU
		{1555C8B5-345F-451F-9B48-6753EC44BF46}.Debug|Any CPU.Build.0 = Debug|Any CPU
		{1555C8B5-345F-451F-9B48-6753EC44BF46}.Release|Any CPU.ActiveCfg = Release|Any CPU
		{1555C8B5-345F-451F-9B48-6753EC44BF46}.Release|Any CPU.Build.0 = Release|Any CPU
	EndGlobalSection
EndGlobal
